# This file is automatically @generated by Cargo.
# It is not intended for manual editing.
version = 3

[[package]]
name = "aho-corasick"
version = "0.7.10"
source = "registry+https://github.com/rust-lang/crates.io-index"
checksum = "8716408b8bc624ed7f65d223ddb9ac2d044c0547b6fa4b0d554f3a9540496ada"
dependencies = [
 "memchr",
]

[[package]]
name = "backtrace"
version = "0.3.46"
source = "registry+https://github.com/rust-lang/crates.io-index"
checksum = "b1e692897359247cc6bb902933361652380af0f1b7651ae5c5013407f30e109e"
dependencies = [
 "backtrace-sys",
 "cfg-if",
 "libc",
 "rustc-demangle",
]

[[package]]
name = "backtrace-sys"
version = "0.1.36"
source = "registry+https://github.com/rust-lang/crates.io-index"
checksum = "78848718ee1255a2485d1309ad9cdecfc2e7d0362dd11c6829364c6b35ae1bc7"
dependencies = [
 "cc",
 "libc",
]

[[package]]
name = "byteorder"
version = "1.3.4"
source = "registry+https://github.com/rust-lang/crates.io-index"
checksum = "08c48aae112d48ed9f069b33538ea9e3e90aa263cfa3d1c24309612b1f7472de"

[[package]]
name = "cc"
version = "1.0.52"
source = "registry+https://github.com/rust-lang/crates.io-index"
checksum = "c3d87b23d6a92cd03af510a5ade527033f6aa6fa92161e2d5863a907d4c5e31d"

[[package]]
name = "cfg-if"
version = "0.1.10"
source = "registry+https://github.com/rust-lang/crates.io-index"
checksum = "4785bdd1c96b2a846b2bd7cc02e86b6b3dbf14e7e53446c4f54c92a361040822"

[[package]]
name = "contract"
version = "0.1.0"
dependencies = [
 "eng-wasm",
 "eng-wasm-derive",
]

[[package]]
name = "crunchy"
version = "0.1.6"
source = "registry+https://github.com/rust-lang/crates.io-index"
checksum = "a2f4a431c5c9f662e1200b7c7f02c34e91361150e382089a8f2dec3ba680cbda"

[[package]]
name = "crunchy"
version = "0.2.2"
source = "registry+https://github.com/rust-lang/crates.io-index"
checksum = "7a81dae078cea95a014a339291cec439d2f232ebe854a9d672b796c6afafa9b7"

[[package]]
name = "eng-pwasm-abi"
version = "0.3.2"
source = "registry+https://github.com/rust-lang/crates.io-index"
checksum = "ad5a3bbb6f76e2faf9e19137079efd58245e7ea24aa5ab4418bf8fe50ea22c08"
dependencies = [
 "byteorder",
 "fixed-hash 0.3.2",
 "rustc-hex",
 "serde",
 "uint 0.6.1",
]

[[package]]
name = "eng-wasm"
version = "0.1.7"
source = "registry+https://github.com/rust-lang/crates.io-index"
checksum = "b8b65066200474f70d8852aef70013c80c68e8e61c821f14a5c99c1ae605b685"
dependencies = [
 "eng-pwasm-abi",
 "serde",
 "serde_json",
]

[[package]]
name = "eng-wasm-derive"
version = "0.1.7"
source = "registry+https://github.com/rust-lang/crates.io-index"
checksum = "aaa647a448569522d5996687a3e857b2ce4e2c0357e89f41479adb9ca08adefe"
dependencies = [
 "ethabi",
 "failure",
 "parse-display",
 "proc-macro2",
 "quote",
 "serde_json",
 "syn",
 "tiny-keccak",
]

[[package]]
name = "error-chain"
version = "0.12.2"
source = "registry+https://github.com/rust-lang/crates.io-index"
checksum = "d371106cc88ffdfb1eabd7111e432da544f16f3e2d7bf1dfe8bf575f1df045cd"
dependencies = [
 "version_check",
]

[[package]]
name = "ethabi"
version = "6.1.0"
source = "registry+https://github.com/rust-lang/crates.io-index"
checksum = "8eb362fde43ed0b50b258bb0c72b72b3dccfd29f8de9506295eaf9251c49ca31"
dependencies = [
 "error-chain",
 "ethereum-types",
 "rustc-hex",
 "serde",
 "serde_derive",
 "serde_json",
 "tiny-keccak",
]

[[package]]
name = "ethbloom"
version = "0.5.3"
source = "registry+https://github.com/rust-lang/crates.io-index"
checksum = "a6294da962646baa738414e8e718d1a1f0360a51d92de89ccbf91870418f5360"
dependencies = [
 "crunchy 0.1.6",
 "ethereum-types-serialize",
 "fixed-hash 0.2.5",
 "serde",
 "tiny-keccak",
]

[[package]]
name = "ethereum-types"
version = "0.4.2"
source = "registry+https://github.com/rust-lang/crates.io-index"
checksum = "6e742184dc63a01c8ea0637369f8faa27c40f537949908a237f95c05e68d2c96"
dependencies = [
 "crunchy 0.1.6",
 "ethbloom",
 "ethereum-types-serialize",
 "fixed-hash 0.2.5",
 "serde",
 "uint 0.4.1",
]

[[package]]
name = "ethereum-types-serialize"
version = "0.2.2"
source = "registry+https://github.com/rust-lang/crates.io-index"
checksum = "1873d77b32bc1891a79dad925f2acbc318ee942b38b9110f9dbc5fbeffcea350"
dependencies = [
 "serde",
]

[[package]]
name = "failure"
version = "0.1.7"
source = "registry+https://github.com/rust-lang/crates.io-index"
checksum = "b8529c2421efa3066a5cbd8063d2244603824daccb6936b079010bb2aa89464b"
dependencies = [
 "backtrace",
 "failure_derive",
]

[[package]]
name = "failure_derive"
version = "0.1.7"
source = "registry+https://github.com/rust-lang/crates.io-index"
checksum = "030a733c8287d6213886dd487564ff5c8f6aae10278b3588ed177f9d18f8d231"
dependencies = [
 "proc-macro2",
 "quote",
 "syn",
 "synstructure",
]

[[package]]
name = "fixed-hash"
version = "0.2.5"
source = "registry+https://github.com/rust-lang/crates.io-index"
checksum = "7afe6ce860afb14422711595a7b26ada9ed7de2f43c0b2ab79d09ee196287273"
dependencies = [
 "heapsize",
 "rand",
 "rustc-hex",
]

[[package]]
name = "fixed-hash"
version = "0.3.2"
source = "registry+https://github.com/rust-lang/crates.io-index"
checksum = "d1a683d1234507e4f3bf2736eeddf0de1dc65996dc0164d57eba0a74bcf29489"
dependencies = [
 "static_assertions",
]

[[package]]
name = "fuchsia-cprng"
version = "0.1.1"
source = "registry+https://github.com/rust-lang/crates.io-index"
checksum = "a06f77d526c1a601b7c4cdd98f54b5eaabffc14d5f2f0296febdc7f357c6d3ba"

[[package]]
name = "heapsize"
version = "0.4.2"
source = "registry+https://github.com/rust-lang/crates.io-index"
checksum = "1679e6ea370dee694f91f1dc469bf94cf8f52051d147aec3e1f9497c6fc22461"
dependencies = [
 "winapi",
]

[[package]]
name = "itoa"
version = "0.4.5"
source = "registry+https://github.com/rust-lang/crates.io-index"
checksum = "b8b7a7c0c47db5545ed3fef7468ee7bb5b74691498139e4b3f6a20685dc6dd8e"

[[package]]
name = "lazy_static"
version = "1.4.0"
source = "registry+https://github.com/rust-lang/crates.io-index"
checksum = "e2abad23fbc42b3700f2f279844dc832adb2b2eb069b2df918f455c4e18cc646"

[[package]]
name = "libc"
version = "0.2.69"
source = "registry+https://github.com/rust-lang/crates.io-index"
checksum = "99e85c08494b21a9054e7fe1374a732aeadaff3980b6990b94bfd3a70f690005"

[[package]]
name = "memchr"
version = "2.3.3"
source = "registry+https://github.com/rust-lang/crates.io-index"
checksum = "3728d817d99e5ac407411fa471ff9800a778d88a24685968b36824eaf4bee400"

[[package]]
name = "once_cell"
version = "1.12.0"
source = "registry+https://github.com/rust-lang/crates.io-index"
checksum = "7709cef83f0c1f58f666e746a08b21e0085f7440fa6a29cc194d68aac97a4225"

[[package]]
name = "parse-display"
version = "0.1.1"
source = "registry+https://github.com/rust-lang/crates.io-index"
checksum = "718b422bc6b056b6374f7ffc3b2d9b55180a4af59a089835df1963994676d8b6"
dependencies = [
 "lazy_static",
 "parse-display-derive",
 "regex",
]

[[package]]
name = "parse-display-derive"
version = "0.1.1"
source = "registry+https://github.com/rust-lang/crates.io-index"
checksum = "f7cf2deb364a60cc0f633c1ffe619b42463993c91352ae367010b8420e442655"
dependencies = [
 "lazy_static",
 "proc-macro2",
 "quote",
 "regex",
 "regex-syntax",
 "syn",
]

[[package]]
name = "proc-macro2"
version = "1.0.10"
source = "registry+https://github.com/rust-lang/crates.io-index"
checksum = "df246d292ff63439fea9bc8c0a270bed0e390d5ebd4db4ba15aba81111b5abe3"
dependencies = [
 "unicode-xid",
]

[[package]]
name = "quote"
version = "1.0.3"
source = "registry+https://github.com/rust-lang/crates.io-index"
checksum = "2bdc6c187c65bca4260c9011c9e3132efe4909da44726bad24cf7572ae338d7f"
dependencies = [
 "proc-macro2",
]

[[package]]
name = "rand"
version = "0.4.6"
source = "registry+https://github.com/rust-lang/crates.io-index"
checksum = "552840b97013b1a26992c11eac34bdd778e464601a4c2054b5f0bff7c6761293"
dependencies = [
 "fuchsia-cprng",
 "libc",
 "rand_core 0.3.1",
 "rdrand",
 "winapi",
]

[[package]]
name = "rand_core"
version = "0.3.1"
source = "registry+https://github.com/rust-lang/crates.io-index"
checksum = "7a6fdeb83b075e8266dcc8762c22776f6877a63111121f5f8c7411e5be7eed4b"
dependencies = [
 "rand_core 0.4.2",
]

[[package]]
name = "rand_core"
version = "0.4.2"
source = "registry+https://github.com/rust-lang/crates.io-index"
checksum = "9c33a3c44ca05fa6f1807d8e6743f3824e8509beca625669633be0acbdf509dc"

[[package]]
name = "rdrand"
version = "0.4.0"
source = "registry+https://github.com/rust-lang/crates.io-index"
checksum = "678054eb77286b51581ba43620cc911abf02758c91f93f479767aed0f90458b2"
dependencies = [
 "rand_core 0.3.1",
]

[[package]]
name = "regex"
version = "1.3.7"
source = "registry+https://github.com/rust-lang/crates.io-index"
checksum = "a6020f034922e3194c711b82a627453881bc4682166cabb07134a10c26ba7692"
dependencies = [
 "aho-corasick",
 "memchr",
 "regex-syntax",
 "thread_local",
]

[[package]]
name = "regex-syntax"
version = "0.6.17"
source = "registry+https://github.com/rust-lang/crates.io-index"
checksum = "7fe5bd57d1d7414c6b5ed48563a2c855d995ff777729dcd91c369ec7fea395ae"

[[package]]
name = "rustc-demangle"
version = "0.1.16"
source = "registry+https://github.com/rust-lang/crates.io-index"
checksum = "4c691c0e608126e00913e33f0ccf3727d5fc84573623b8d65b2df340b5201783"

[[package]]
name = "rustc-hex"
version = "2.1.0"
source = "registry+https://github.com/rust-lang/crates.io-index"
checksum = "3e75f6a532d0fd9f7f13144f392b6ad56a32696bfcd9c78f797f16bbb6f072d6"

[[package]]
name = "ryu"
version = "1.0.4"
source = "registry+https://github.com/rust-lang/crates.io-index"
checksum = "ed3d612bc64430efeb3f7ee6ef26d590dce0c43249217bddc62112540c7941e1"

[[package]]
name = "serde"
version = "1.0.106"
source = "registry+https://github.com/rust-lang/crates.io-index"
checksum = "36df6ac6412072f67cf767ebbde4133a5b2e88e76dc6187fa7104cd16f783399"
dependencies = [
 "serde_derive",
]

[[package]]
name = "serde_derive"
version = "1.0.106"
source = "registry+https://github.com/rust-lang/crates.io-index"
checksum = "9e549e3abf4fb8621bd1609f11dfc9f5e50320802273b12f3811a67e6716ea6c"
dependencies = [
 "proc-macro2",
 "quote",
 "syn",
]

[[package]]
name = "serde_json"
version = "1.0.51"
source = "registry+https://github.com/rust-lang/crates.io-index"
checksum = "da07b57ee2623368351e9a0488bb0b261322a15a6e0ae53e243cbdc0f4208da9"
dependencies = [
 "itoa",
 "ryu",
 "serde",
]

[[package]]
name = "static_assertions"
version = "0.2.5"
source = "registry+https://github.com/rust-lang/crates.io-index"
checksum = "c19be23126415861cb3a23e501d34a708f7f9b2183c5252d690941c2e69199d5"

[[package]]
name = "syn"
version = "1.0.18"
source = "registry+https://github.com/rust-lang/crates.io-index"
checksum = "410a7488c0a728c7ceb4ad59b9567eb4053d02e8cc7f5c0e0eeeb39518369213"
dependencies = [
 "proc-macro2",
 "quote",
 "unicode-xid",
]

[[package]]
name = "synstructure"
version = "0.12.3"
source = "registry+https://github.com/rust-lang/crates.io-index"
checksum = "67656ea1dc1b41b1451851562ea232ec2e5a80242139f7e679ceccfb5d61f545"
dependencies = [
 "proc-macro2",
 "quote",
 "syn",
 "unicode-xid",
]

[[package]]
name = "thread_local"
version = "1.1.4"
source = "registry+https://github.com/rust-lang/crates.io-index"
checksum = "5516c27b78311c50bf42c071425c560ac799b11c30b31f87e3081965fe5e0180"
dependencies = [
 "once_cell",
]

[[package]]
name = "tiny-keccak"
version = "1.5.0"
source = "registry+https://github.com/rust-lang/crates.io-index"
checksum = "1d8a021c69bb74a44ccedb824a046447e2c84a01df9e5c20779750acb38e11b2"
dependencies = [
 "crunchy 0.2.2",
]

[[package]]
name = "uint"
version = "0.4.1"
source = "registry+https://github.com/rust-lang/crates.io-index"
checksum = "754ba11732b9161b94c41798e5197e5e75388d012f760c42adb5000353e98646"
dependencies = [
 "byteorder",
 "crunchy 0.1.6",
 "heapsize",
 "rustc-hex",
]

[[package]]
name = "uint"
version = "0.6.1"
source = "registry+https://github.com/rust-lang/crates.io-index"
checksum = "e7780bb27fd8a22295e0d9d53ae3be253f715a0dccb1808527f478f1c2603708"
dependencies = [
 "byteorder",
 "crunchy 0.2.2",
 "rustc-hex",
]

[[package]]
name = "unicode-xid"
version = "0.2.0"
source = "registry+https://github.com/rust-lang/crates.io-index"
checksum = "826e7639553986605ec5979c7dd957c7895e93eabed50ab2ffa7f6128a75097c"

[[package]]
name = "version_check"
version = "0.9.1"
source = "registry+https://github.com/rust-lang/crates.io-index"
checksum = "078775d0255232fb988e6fccf26ddc9d1ac274299aaedcedce21c6f72cc533ce"

[[package]]
name = "winapi"
version = "0.3.8"
source = "registry+https://github.com/rust-lang/crates.io-index"
checksum = "8093091eeb260906a183e6ae1abdba2ef5ef2257a21801128899c3fc699229c6"
dependencies = [
 "winapi-i686-pc-windows-gnu",
 "winapi-x86_64-pc-windows-gnu",
]

[[package]]
name = "winapi-i686-pc-windows-gnu"
version = "0.4.0"
source = "registry+https://github.com/rust-lang/crates.io-index"
checksum = "ac3b87c63620426dd9b991e5ce0329eff545bccbbb34f3be09ff6fb6ab51b7b6"

[[package]]
name = "winapi-x86_64-pc-windows-gnu"
version = "0.4.0"
source = "registry+https://github.com/rust-lang/crates.io-index"
checksum = "712e227841d057c1ee1cd2fb22fa7e5a5461ae8e48fa2ca79ec42cfc1931183f"
